// !$*UTF8*$!
{
	archiveVersion = 1;
	classes = {
	};
	objectVersion = 46;
	objects = {

/* Begin PBXBuildFile section */
		C03E67401EF79B3C000E8CBC /* AppDelegate.swift in Sources */ = {isa = PBXBuildFile; fileRef = C03E673F1EF79B3C000E8CBC /* AppDelegate.swift */; };
		C03E67421EF79B3C000E8CBC /* ViewController.swift in Sources */ = {isa = PBXBuildFile; fileRef = C03E67411EF79B3C000E8CBC /* ViewController.swift */; };
		C03E67451EF79B3C000E8CBC /* Main.storyboard in Resources */ = {isa = PBXBuildFile; fileRef = C03E67431EF79B3C000E8CBC /* Main.storyboard */; };
		C03E67471EF79B3C000E8CBC /* Assets.xcassets in Resources */ = {isa = PBXBuildFile; fileRef = C03E67461EF79B3C000E8CBC /* Assets.xcassets */; };
		C03E674A1EF79B3C000E8CBC /* LaunchScreen.storyboard in Resources */ = {isa = PBXBuildFile; fileRef = C03E67481EF79B3C000E8CBC /* LaunchScreen.storyboard */; };
		C03E67551EF79B3C000E8CBC /* PlayWithAlTests.swift in Sources */ = {isa = PBXBuildFile; fileRef = C03E67541EF79B3C000E8CBC /* PlayWithAlTests.swift */; };
/* End PBXBuildFile section */

/* Begin PBXContainerItemProxy section */
		C03E67511EF79B3C000E8CBC /* PBXContainerItemProxy */ = {
			isa = PBXContainerItemProxy;
			containerPortal = C03E67341EF79B3C000E8CBC /* Project object */;
			proxyType = 1;
			remoteGlobalIDString = C03E673B1EF79B3C000E8CBC;
			remoteInfo = PlayWithAl;
		};
/* End PBXContainerItemProxy section */

/* Begin PBXFileReference section */
		C03E673C1EF79B3C000E8CBC /* PlayWithAl.app */ = {isa = PBXFileReference; explicitFileType = wrapper.application; includeInIndex = 0; path = PlayWithAl.app; sourceTree = BUILT_PRODUCTS_DIR; };
		C03E673F1EF79B3C000E8CBC /* AppDelegate.swift */ = {isa = PBXFileReference; lastKnownFileType = sourcecode.swift; path = AppDelegate.swift; sourceTree = "<group>"; };
		C03E67411EF79B3C000E8CBC /* ViewController.swift */ = {isa = PBXFileReference; lastKnownFileType = sourcecode.swift; path = ViewController.swift; sourceTree = "<group>"; };
		C03E67441EF79B3C000E8CBC /* Base */ = {isa = PBXFileReference; lastKnownFileType = file.storyboard; name = Base; path = Base.lproj/Main.storyboard; sourceTree = "<group>"; };
		C03E67461EF79B3C000E8CBC /* Assets.xcassets */ = {isa = PBXFileReference; lastKnownFileType = folder.assetcatalog; path = Assets.xcassets; sourceTree = "<group>"; };
		C03E67491EF79B3C000E8CBC /* Base */ = {isa = PBXFileReference; lastKnownFileType = file.storyboard; name = Base; path = Base.lproj/LaunchScreen.storyboard; sourceTree = "<group>"; };
		C03E674B1EF79B3C000E8CBC /* Info.plist */ = {isa = PBXFileReference; lastKnownFileType = text.plist.xml; path = Info.plist; sourceTree = "<group>"; };
		C03E67501EF79B3C000E8CBC /* PlayWithAlTests.xctest */ = {isa = PBXFileReference; explicitFileType = wrapper.cfbundle; includeInIndex = 0; path = PlayWithAlTests.xctest; sourceTree = BUILT_PRODUCTS_DIR; };
		C03E67541EF79B3C000E8CBC /* PlayWithAlTests.swift */ = {isa = PBXFileReference; lastKnownFileType = sourcecode.swift; path = PlayWithAlTests.swift; sourceTree = "<group>"; };
		C03E67561EF79B3C000E8CBC /* Info.plist */ = {isa = PBXFileReference; lastKnownFileType = text.plist.xml; path = Info.plist; sourceTree = "<group>"; };
/* End PBXFileReference section */

/* Begin PBXFrameworksBuildPhase section */
		C03E67391EF79B3C000E8CBC /* Frameworks */ = {
			isa = PBXFrameworksBuildPhase;
			buildActionMask = 2147483647;
			files = (
			);
			runOnlyForDeploymentPostprocessing = 0;
		};
		C03E674D1EF79B3C000E8CBC /* Frameworks */ = {
			isa = PBXFrameworksBuildPhase;
			buildActionMask = 2147483647;
			files = (
			);
			runOnlyForDeploymentPostprocessing = 0;
		};
/* End PBXFrameworksBuildPhase section */

/* Begin PBXGroup section */
		C03E67331EF79B3C000E8CBC = {
			isa = PBXGroup;
			children = (
				C03E673E1EF79B3C000E8CBC /* PlayWithAl */,
				C03E67531EF79B3C000E8CBC /* PlayWithAlTests */,
				C03E673D1EF79B3C000E8CBC /* Products */,
			);
			sourceTree = "<group>";
		};
		C03E673D1EF79B3C000E8CBC /* Products */ = {
			isa = PBXGroup;
			children = (
				C03E673C1EF79B3C000E8CBC /* PlayWithAl.app */,
				C03E67501EF79B3C000E8CBC /* PlayWithAlTests.xctest */,
			);
			name = Products;
			sourceTree = "<group>";
		};
		C03E673E1EF79B3C000E8CBC /* PlayWithAl */ = {
			isa = PBXGroup;
			children = (
				C03E673F1EF79B3C000E8CBC /* AppDelegate.swift */,
				C03E67411EF79B3C000E8CBC /* ViewController.swift */,
				C03E67431EF79B3C000E8CBC /* Main.storyboard */,
				C03E67461EF79B3C000E8CBC /* Assets.xcassets */,
				C03E67481EF79B3C000E8CBC /* LaunchScreen.storyboard */,
				C03E674B1EF79B3C000E8CBC /* Info.plist */,
			);
			path = PlayWithAl;
			sourceTree = "<group>";
		};
		C03E67531EF79B3C000E8CBC /* PlayWithAlTests */ = {
			isa = PBXGroup;
			children = (
				C03E67541EF79B3C000E8CBC /* PlayWithAlTests.swift */,
				C03E67561EF79B3C000E8CBC /* Info.plist */,
			);
			path = PlayWithAlTests;
			sourceTree = "<group>";
		};
/* End PBXGroup section */

/* Begin PBXNativeTarget section */
		C03E673B1EF79B3C000E8CBC /* PlayWithAl */ = {
			isa = PBXNativeTarget;
			buildConfigurationList = C03E67591EF79B3C000E8CBC /* Build configuration list for PBXNativeTarget "PlayWithAl" */;
			buildPhases = (
				C03E67381EF79B3C000E8CBC /* Sources */,
				C03E67391EF79B3C000E8CBC /* Frameworks */,
				C03E673A1EF79B3C000E8CBC /* Resources */,
			);
			buildRules = (
			);
			dependencies = (
			);
			name = PlayWithAl;
			productName = PlayWithAl;
			productReference = C03E673C1EF79B3C000E8CBC /* PlayWithAl.app */;
			productType = "com.apple.product-type.application";
		};
		C03E674F1EF79B3C000E8CBC /* PlayWithAlTests */ = {
			isa = PBXNativeTarget;
			buildConfigurationList = C03E675C1EF79B3C000E8CBC /* Build configuration list for PBXNativeTarget "PlayWithAlTests" */;
			buildPhases = (
				C03E674C1EF79B3C000E8CBC /* Sources */,
				C03E674D1EF79B3C000E8CBC /* Frameworks */,
				C03E674E1EF79B3C000E8CBC /* Resources */,
			);
			buildRules = (
			);
			dependencies = (
				C03E67521EF79B3C000E8CBC /* PBXTargetDependency */,
			);
			name = PlayWithAlTests;
			productName = PlayWithAlTests;
			productReference = C03E67501EF79B3C000E8CBC /* PlayWithAlTests.xctest */;
			productType = "com.apple.product-type.bundle.unit-test";
		};
/* End PBXNativeTarget section */

/* Begin PBXProject section */
		C03E67341EF79B3C000E8CBC /* Project object */ = {
			isa = PBXProject;
			attributes = {
				LastSwiftUpdateCheck = 0830;
				LastUpgradeCheck = 0830;
				ORGANIZATIONNAME = "龚欢";
				TargetAttributes = {
					C03E673B1EF79B3C000E8CBC = {
						CreatedOnToolsVersion = 8.3.2;
						DevelopmentTeam = QD9WH9392V;
						ProvisioningStyle = Automatic;
					};
					C03E674F1EF79B3C000E8CBC = {
						CreatedOnToolsVersion = 8.3.2;
						DevelopmentTeam = QD9WH9392V;
						ProvisioningStyle = Automatic;
						TestTargetID = C03E673B1EF79B3C000E8CBC;
					};
				};
			};
			buildConfigurationList = C03E67371EF79B3C000E8CBC /* Build configuration list for PBXProject "PlayWithAl" */;
			compatibilityVersion = "Xcode 3.2";
			developmentRegion = English;
			hasScannedForEncodings = 0;
			knownRegions = (
				en,
				Base,
			);
			mainGroup = C03E67331EF79B3C000E8CBC;
			productRefGroup = C03E673D1EF79B3C000E8CBC /* Products */;
			projectDirPath = "";
			projectRoot = "";
			targets = (
				C03E673B1EF79B3C000E8CBC /* PlayWithAl */,
				C03E674F1EF79B3C000E8CBC /* PlayWithAlTests */,
			);
		};
/* End PBXProject section */

/* Begin PBXResourcesBuildPhase section */
		C03E673A1EF79B3C000E8CBC /* Resources */ = {
			isa = PBXResourcesBuildPhase;
			buildActionMask = 2147483647;
			files = (
				C03E674A1EF79B3C000E8CBC /* LaunchScreen.storyboard in Resources */,
				C03E67471EF79B3C000E8CBC /* Assets.xcassets in Resources */,
				C03E67451EF79B3C000E8CBC /* Main.storyboard in Resources */,
			);
			runOnlyForDeploymentPostprocessing = 0;
		};
		C03E674E1EF79B3C000E8CBC /* Resources */ = {
			isa = PBXResourcesBuildPhase;
			buildActionMask = 2147483647;
			files = (
			);
			runOnlyForDeploymentPostprocessing = 0;
		};
/* End PBXResourcesBuildPhase section */

/* Begin PBXSourcesBuildPhase section */
		C03E67381EF79B3C000E8CBC /* Sources */ = {
			isa = PBXSourcesBuildPhase;
			buildActionMask = 2147483647;
			files = (
				C03E67421EF79B3C000E8CBC /* ViewController.swift in Sources */,
				C03E67401EF79B3C000E8CBC /* AppDelegate.swift in Sources */,
			);
			runOnlyForDeploymentPostprocessing = 0;
		};
		C03E674C1EF79B3C000E8CBC /* Sources */ = {
			isa = PBXSourcesBuildPhase;
			buildActionMask = 2147483647;
			files = (
				C03E67551EF79B3C000E8CBC /* PlayWithAlTests.swift in Sources */,
			);
			runOnlyForDeploymentPostprocessing = 0;
		};
/* End PBXSourcesBuildPhase section */

/* Begin PBXTargetDependency section */
		C03E67521EF79B3C000E8CBC /* PBXTargetDependency */ = {
			isa = PBXTargetDependency;
			target = C03E673B1EF79B3C000E8CBC /* PlayWithAl */;
			targetProxy = C03E67511EF79B3C000E8CBC /* PBXContainerItemProxy */;
		};
/* End PBXTargetDependency section */

/* Begin PBXVariantGroup section */
		C03E67431EF79B3C000E8CBC /* Main.storyboard */ = {
			isa = PBXVariantGroup;
			children = (
				C03E67441EF79B3C000E8CBC /* Base */,
			);
			name = Main.storyboard;
			sourceTree = "<group>";
		};
		C03E67481EF79B3C000E8CBC /* LaunchScreen.storyboard */ = {
			isa = PBXVariantGroup;
			children = (
				C03E67491EF79B3C000E8CBC /* Base */,
			);
			name = LaunchScreen.storyboard;
			sourceTree = "<group>";
		};
/* End PBXVariantGroup section */

/* Begin XCBuildConfiguration section */
		C03E67571EF79B3C000E8CBC /* Debug */ = {
			isa = XCBuildConfiguration;
			buildSettings = {
				ALWAYS_SEARCH_USER_PATHS = NO;
				CLANG_ANALYZER_NONNULL = YES;
				CLANG_ANALYZER_NUMBER_OBJECT_CONVERSION = YES_AGGRESSIVE;
				CLANG_CXX_LANGUAGE_STANDARD = "gnu++0x";
				CLANG_CXX_LIBRARY = "libc++";
				CLANG_ENABLE_MODULES = YES;
				CLANG_ENABLE_OBJC_ARC = YES;
				CLANG_WARN_BOOL_CONVERSION = YES;
				CLANG_WARN_CONSTANT_CONVERSION = YES;
				CLANG_WARN_DIRECT_OBJC_ISA_USAGE = YES_ERROR;
				CLANG_WARN_DOCUMENTATION_COMMENTS = YES;
				CLANG_WARN_EMPTY_BODY = YES;
				CLANG_WARN_ENUM_CONVERSION = YES;
				CLANG_WARN_INFINITE_RECURSION = YES;
				CLANG_WARN_INT_CONVERSION = YES;
				CLANG_WARN_OBJC_ROOT_CLASS = YES_ERROR;
				CLANG_WARN_SUSPICIOUS_MOVE = YES;
				CLANG_WARN_UNREACHABLE_CODE = YES;
				CLANG_WARN__DUPLICATE_METHOD_MATCH = YES;
				"CODE_SIGN_IDENTITY[sdk=iphoneos*]" = "iPhone Developer";
				COPY_PHASE_STRIP = NO;
				DEBUG_INFORMATION_FORMAT = dwarf;
				ENABLE_STRICT_OBJC_MSGSEND = YES;
				ENABLE_TESTABILITY = YES;
				GCC_C_LANGUAGE_STANDARD = gnu99;
				GCC_DYNAMIC_NO_PIC = NO;
				GCC_NO_COMMON_BLOCKS = YES;
				GCC_OPTIMIZATION_LEVEL = 0;
				GCC_PREPROCESSOR_DEFINITIONS = (
					"DEBUG=1",
					"$(inherited)",
				);
				GCC_WARN_64_TO_32_BIT_CONVERSION = YES;
				GCC_WARN_ABOUT_RETURN_TYPE = YES_ERROR;
				GCC_WARN_UNDECLARED_SELECTOR = YES;
				GCC_WARN_UNINITIALIZED_AUTOS = YES_AGGRESSIVE;
				GCC_WARN_UNUSED_FUNCTION = YES;
				GCC_WARN_UNUSED_VARIABLE = YES;
				IPHONEOS_DEPLOYMENT_TARGET = 10.3;
				MTL_ENABLE_DEBUG_INFO = YES;
				ONLY_ACTIVE_ARCH = YES;
				SDKROOT = iphoneos;
				SWIFT_ACTIVE_COMPILATION_CONDITIONS = DEBUG;
				SWIFT_OPTIMIZATION_LEVEL = "-Onone";
			};
			name = Debug;
		};
		C03E67581EF79B3C000E8CBC /* Release */ = {
			isa = XCBuildConfiguration;
			buildSettings = {
				ALWAYS_SEARCH_USER_PATHS = NO;
				CLANG_ANALYZER_NONNULL = YES;
				CLANG_ANALYZER_NUMBER_OBJECT_CONVERSION = YES_AGGRESSIVE;
				CLANG_CXX_LANGUAGE_STANDARD = "gnu++0x";
				CLANG_CXX_LIBRARY = "libc++";
				CLANG_ENABLE_MODULES = YES;
				CLANG_ENABLE_OBJC_ARC = YES;
				CLANG_WARN_BOOL_CONVERSION = YES;
				CLANG_WARN_CONSTANT_CONVERSION = YES;
				CLANG_WARN_DIRECT_OBJC_ISA_USAGE = YES_ERROR;
				CLANG_WARN_DOCUMENTATION_COMMENTS = YES;
				CLANG_WARN_EMPTY_BODY = YES;
				CLANG_WARN_ENUM_CONVERSION = YES;
				CLANG_WARN_INFINITE_RECURSION = YES;
				CLANG_WARN_INT_CONVERSION = YES;
				CLANG_WARN_OBJC_ROOT_CLASS = YES_ERROR;
				CLANG_WARN_SUSPICIOUS_MOVE = YES;
				CLANG_WARN_UNREACHABLE_CODE = YES;
				CLANG_WARN__DUPLICATE_METHOD_MATCH = YES;
				"CODE_SIGN_IDENTITY[sdk=iphoneos*]" = "iPhone Developer";
				COPY_PHASE_STRIP = NO;
				DEBUG_INFORMATION_FORMAT = "dwarf-with-dsym";
				ENABLE_NS_ASSERTIONS = NO;
				ENABLE_STRICT_OBJC_MSGSEND = YES;
				GCC_C_LANGUAGE_STANDARD = gnu99;
				GCC_NO_COMMON_BLOCKS = YES;
				GCC_WARN_64_TO_32_BIT_CONVERSION = YES;
				GCC_WARN_ABOUT_RETURN_TYPE = YES_ERROR;
				GCC_WARN_UNDECLARED_SELECTOR = YES;
				GCC_WARN_UNINITIALIZED_AUTOS = YES_AGGRESSIVE;
				GCC_WARN_UNUSED_FUNCTION = YES;
				GCC_WARN_UNUSED_VARIABLE = YES;
				IPHONEOS_DEPLOYMENT_TARGET = 10.3;
				MTL_ENABLE_DEBUG_INFO = NO;
				SDKROOT = iphoneos;
				SWIFT_OPTIMIZATION_LEVEL = "-Owholemodule";
				VALIDATE_PRODUCT = YES;
			};
			name = Release;
		};
		C03E675A1EF79B3C000E8CBC /* Debug */ = {
			isa = XCBuildConfiguration;
			buildSettings = {
				ASSETCATALOG_COMPILER_APPICON_NAME = AppIcon;
				DEVELOPMENT_TEAM = QD9WH9392V;
				INFOPLIST_FILE = PlayWithAl/Info.plist;
				LD_RUNPATH_SEARCH_PATHS = "$(inherited) @executable_path/Frameworks";
				PRODUCT_BUNDLE_IDENTIFIER = com.HSApp.PlayWithAl;
				PRODUCT_NAME = "$(TARGET_NAME)";
				SWIFT_VERSION = 3.0;
			};
			name = Debug;
		};
		C03E675B1EF79B3C000E8CBC /* Release */ = {
			isa = XCBuildConfiguration;
			buildSettings = {
				ASSETCATALOG_COMPILER_APPICON_NAME = AppIcon;
				DEVELOPMENT_TEAM = QD9WH9392V;
				INFOPLIST_FILE = PlayWithAl/Info.plist;
				LD_RUNPATH_SEARCH_PATHS = "$(inherited) @executable_path/Frameworks";
				PRODUCT_BUNDLE_IDENTIFIER = com.HSApp.PlayWithAl;
				PRODUCT_NAME = "$(TARGET_NAME)";
				SWIFT_VERSION = 3.0;
			};
			name = Release;
		};
		C03E675D1EF79B3C000E8CBC /* Debug */ = {
			isa = XCBuildConfiguration;
			buildSettings = {
				ALWAYS_EMBED_SWIFT_STANDARD_LIBRARIES = YES;
				BUNDLE_LOADER = "$(TEST_HOST)";
				DEVELOPMENT_TEAM = QD9WH9392V;
				INFOPLIST_FILE = PlayWithAlTests/Info.plist;
				LD_RUNPATH_SEARCH_PATHS = "$(inherited) @executable_path/Frameworks @loader_path/Frameworks";
				PRODUCT_BUNDLE_IDENTIFIER = com.HSApp.PlayWithAlTests;
				PRODUCT_NAME = "$(TARGET_NAME)";
				SWIFT_VERSION = 3.0;
				TEST_HOST = "$(BUILT_PRODUCTS_DIR)/PlayWithAl.app/PlayWithAl";
			};
			name = Debug;
		};
		C03E675E1EF79B3C000E8CBC /* Release */ = {
			isa = XCBuildConfiguration;
			buildSettings = {
				ALWAYS_EMBED_SWIFT_STANDARD_LIBRARIES = YES;
				BUNDLE_LOADER = "$(TEST_HOST)";
				DEVELOPMENT_TEAM = QD9WH9392V;
				INFOPLIST_FILE = PlayWithAlTests/Info.plist;
				LD_RUNPATH_SEARCH_PATHS = "$(inherited) @executable_path/Frameworks @loader_path/Frameworks";
				PRODUCT_BUNDLE_IDENTIFIER = com.HSApp.PlayWithAlTests;
				PRODUCT_NAME = "$(TARGET_NAME)";
				SWIFT_VERSION = 3.0;
				TEST_HOST = "$(BUILT_PRODUCTS_DIR)/PlayWithAl.app/PlayWithAl";
			};
			name = Release;
		};
/* End XCBuildConfiguration section */

/* Begin XCConfigurationList section */
		C03E67371EF79B3C000E8CBC /* Build configuration list for PBXProject "PlayWithAl" */ = {
			isa = XCConfigurationList;
			buildConfigurations = (
				C03E67571EF79B3C000E8CBC /* Debug */,
				C03E67581EF79B3C000E8CBC /* Release */,
			);
			defaultConfigurationIsVisible = 0;
			defaultConfigurationName = Release;
		};
		C03E67591EF79B3C000E8CBC /* Build configuration list for PBXNativeTarget "PlayWithAl" */ = {
			isa = XCConfigurationList;
			buildConfigurations = (
				C03E675A1EF79B3C000E8CBC /* Debug */,
				C03E675B1EF79B3C000E8CBC /* Release */,
			);
			defaultConfigurationIsVisible = 0;
		};
		C03E675C1EF79B3C000E8CBC /* Build configuration list for PBXNativeTarget "PlayWithAlTests" */ = {
			isa = XCConfigurationList;
			buildConfigurations = (
				C03E675D1EF79B3C000E8CBC /* Debug */,
				C03E675E1EF79B3C000E8CBC /* Release */,
			);
			defaultConfigurationIsVisible = 0;
		};
/* End XCConfigurationList section */
	};
	rootObject = C03E67341EF79B3C000E8CBC /* Project object */;
}
